
Microsoft Visual Studio Solution File, Format Version 12.00
# Visual Studio Version 17
VisualStudioVersion = 17.9.34622.214
MinimumVisualStudioVersion = 10.0.40219.1
Project("{FAE04EC0-301F-11D3-BF4B-00C04F79EFBC}") = "GymSubscriptionSystem", "GymSubscriptionSystem.csproj", "{0593B3E9-1088-40ED-AC49-BDC1CCA555B4}"
EndProject
Project("{FAE04EC0-301F-11D3-BF4B-00C04F79EFBC}") = "Bussines", "..\Bussines\Bussines.csproj", "{757EB1A2-CBDA-4DF4-AA43-538AFEDBBE98}"
EndProject
Project("{FAE04EC0-301F-11D3-BF4B-00C04F79EFBC}") = "Persistence", "..\Persistence\Persistence.csproj", "{CEF5D7ED-3576-408D-9011-A63B1EE2C827}"
EndProject
Project("{FAE04EC0-301F-11D3-BF4B-00C04F79EFBC}") = "Tests", "..\Tests\Tests.csproj", "{285CD860-6433-41BD-B298-43408F9F1F2B}"
EndProject
Global
	GlobalSection(SolutionConfigurationPlatforms) = preSolution
		Debug|Any CPU = Debug|Any CPU
		Release|Any CPU = Release|Any CPU
	EndGlobalSection
	GlobalSection(ProjectConfigurationPlatforms) = postSolution
		{0593B3E9-1088-40ED-AC49-BDC1CCA555B4}.Debug|Any CPU.ActiveCfg = Debug|Any CPU
		{0593B3E9-1088-40ED-AC49-BDC1CCA555B4}.Debug|Any CPU.Build.0 = Debug|Any CPU
		{0593B3E9-1088-40ED-AC49-BDC1CCA555B4}.Release|Any CPU.ActiveCfg = Release|Any CPU
		{0593B3E9-1088-40ED-AC49-BDC1CCA555B4}.Release|Any CPU.Build.0 = Release|Any CPU
		{757EB1A2-CBDA-4DF4-AA43-538AFEDBBE98}.Debug|Any CPU.ActiveCfg = Debug|Any CPU
		{757EB1A2-CBDA-4DF4-AA43-538AFEDBBE98}.Debug|Any CPU.Build.0 = Debug|Any CPU
		{757EB1A2-CBDA-4DF4-AA43-538AFEDBBE98}.Release|Any CPU.ActiveCfg = Release|Any CPU
		{757EB1A2-CBDA-4DF4-AA43-538AFEDBBE98}.Release|Any CPU.Build.0 = Release|Any CPU
		{CEF5D7ED-3576-408D-9011-A63B1EE2C827}.Debug|Any CPU.ActiveCfg = Debug|Any CPU
		{CEF5D7ED-3576-408D-9011-A63B1EE2C827}.Debug|Any CPU.Build.0 = Debug|Any CPU
		{CEF5D7ED-3576-408D-9011-A63B1EE2C827}.Release|Any CPU.ActiveCfg = Release|Any CPU
		{CEF5D7ED-3576-408D-9011-A63B1EE2C827}.Release|Any CPU.Build.0 = Release|Any CPU
		{285CD860-6433-41BD-B298-43408F9F1F2B}.Debug|Any CPU.ActiveCfg = Debug|Any CPU
		{285CD860-6433-41BD-B298-43408F9F1F2B}.Debug|Any CPU.Build.0 = Debug|Any CPU
		{285CD860-6433-41BD-B298-43408F9F1F2B}.Release|Any CPU.ActiveCfg = Release|Any CPU
		{285CD860-6433-41BD-B298-43408F9F1F2B}.Release|Any CPU.Build.0 = Release|Any CPU
	EndGlobalSection
	GlobalSection(SolutionProperties) = preSolution
		HideSolutionNode = FALSE
	EndGlobalSection
	GlobalSection(ExtensibilityGlobals) = postSolution
		SolutionGuid = {C9B8D30F-8F42-4D07-9326-D7B3224C2397}
	EndGlobalSection
EndGlobal
